PODS:
  - Solar (1.0.0)
  - SwiftHTTP (2.0.2)
  - SwiftyJSON (3.1.4)

DEPENDENCIES:
  - Solar
  - SwiftHTTP
  - SwiftyJSON

SPEC CHECKSUMS:
  Solar: 8db49542f5bf0272a23a488f0769c58af7b6e28e
  SwiftHTTP: faa1a5f7670568ffc9361898229dbe84a6088468
  SwiftyJSON: c2842d878f95482ffceec5709abc3d05680c0220

PODFILE CHECKSUM: 79596a1616c68dd76947f81067e01c0c2e02396f

COCOAPODS: 1.1.1
